
Microsoft Visual Studio Solution File, Format Version 12.00
# Visual Studio 2017
Project("{FAE04EC0-301F-11D3-BF4B-00C04F79EFBC}") = "Najlepsza Karcianka Mirona", "Najlepsza Karcianka Mirona.csproj", "{603D81C1-AF47-954F-C728-8FC079E24E10}"
EndProject
Project("{FAE04EC0-301F-11D3-BF4B-00C04F79EFBC}") = "Najlepsza Karcianka Mirona.Editor", "Najlepsza Karcianka Mirona.Editor.csproj", "{4D47C9DD-5D0D-AA71-5E14-0D32875D1ACD}"
EndProject
Global
	GlobalSection(SolutionConfigurationPlatforms) = preSolution
		Debug|Any CPU = Debug|Any CPU
		Release|Any CPU = Release|Any CPU
	EndGlobalSection
	GlobalSection(ProjectConfigurationPlatforms) = postSolution
		{603D81C1-AF47-954F-C728-8FC079E24E10}.Debug|Any CPU.ActiveCfg = Debug|Any CPU
		{603D81C1-AF47-954F-C728-8FC079E24E10}.Debug|Any CPU.Build.0 = Debug|Any CPU
		{603D81C1-AF47-954F-C728-8FC079E24E10}.Release|Any CPU.ActiveCfg = Release|Any CPU
		{603D81C1-AF47-954F-C728-8FC079E24E10}.Release|Any CPU.Build.0 = Release|Any CPU
		{4D47C9DD-5D0D-AA71-5E14-0D32875D1ACD}.Debug|Any CPU.ActiveCfg = Debug|Any CPU
		{4D47C9DD-5D0D-AA71-5E14-0D32875D1ACD}.Debug|Any CPU.Build.0 = Debug|Any CPU
		{4D47C9DD-5D0D-AA71-5E14-0D32875D1ACD}.Release|Any CPU.ActiveCfg = Release|Any CPU
		{4D47C9DD-5D0D-AA71-5E14-0D32875D1ACD}.Release|Any CPU.Build.0 = Release|Any CPU
	EndGlobalSection
	GlobalSection(SolutionProperties) = preSolution
		HideSolutionNode = FALSE
	EndGlobalSection
EndGlobal
