
Microsoft Visual Studio Solution File, Format Version 11.00
# Visual Studio 2010
Project("{FAE04EC0-301F-11D3-BF4B-00C04F79EFBC}") = "Assembly-CSharp", "Assembly-CSharp.csproj", "{e67e7de3-3bfe-0464-b840-2b5a51d305c6}"
EndProject
Project("{FAE04EC0-301F-11D3-BF4B-00C04F79EFBC}") = "Assembly-CSharp-Editor", "Assembly-CSharp-Editor.csproj", "{306bfe7f-89fb-314e-16f2-f7965e87d984}"
EndProject
Global
	GlobalSection(SolutionConfigurationPlatforms) = preSolution
		Debug|Any CPU = Debug|Any CPU
		Release|Any CPU = Release|Any CPU
	EndGlobalSection
	GlobalSection(ProjectConfigurationPlatforms) = postSolution
		{e67e7de3-3bfe-0464-b840-2b5a51d305c6}.Debug|Any CPU.ActiveCfg = Debug|Any CPU
		{e67e7de3-3bfe-0464-b840-2b5a51d305c6}.Debug|Any CPU.Build.0 = Debug|Any CPU
		{e67e7de3-3bfe-0464-b840-2b5a51d305c6}.Release|Any CPU.ActiveCfg = Release|Any CPU
		{e67e7de3-3bfe-0464-b840-2b5a51d305c6}.Release|Any CPU.Build.0 = Release|Any CPU
		{306bfe7f-89fb-314e-16f2-f7965e87d984}.Debug|Any CPU.ActiveCfg = Debug|Any CPU
		{306bfe7f-89fb-314e-16f2-f7965e87d984}.Debug|Any CPU.Build.0 = Debug|Any CPU
		{306bfe7f-89fb-314e-16f2-f7965e87d984}.Release|Any CPU.ActiveCfg = Release|Any CPU
		{306bfe7f-89fb-314e-16f2-f7965e87d984}.Release|Any CPU.Build.0 = Release|Any CPU
	EndGlobalSection
	GlobalSection(SolutionProperties) = preSolution
		HideSolutionNode = FALSE
	EndGlobalSection
EndGlobal
