
Microsoft Visual Studio Solution File, Format Version 11.00
# Visual Studio 2010
Project("{FAE04EC0-301F-11D3-BF4B-00C04F79EFBC}") = "Assembly-CSharp", "Assembly-CSharp.csproj", "{E37D7EE6-FE3B-6404-B840-2B5A51D305C6}"
EndProject
Project("{FAE04EC0-301F-11D3-BF4B-00C04F79EFBC}") = "Assembly-CSharp-Editor", "Assembly-CSharp-Editor.csproj", "{7FFE6B30-FB89-4E31-16F2-F7965E87D984}"
EndProject
Project("{FAE04EC0-301F-11D3-BF4B-00C04F79EFBC}") = "NKMCore.Tests", "NKMCore.Tests\NKMCore.Tests.csproj", "{0F2C72F0-9DEF-4AD3-B785-7FEFE2BE1F38}"
EndProject
Global
	GlobalSection(SolutionConfigurationPlatforms) = preSolution
		Debug|Any CPU = Debug|Any CPU
		Release|Any CPU = Release|Any CPU
	EndGlobalSection
	GlobalSection(ProjectConfigurationPlatforms) = postSolution
		{E37D7EE6-FE3B-6404-B840-2B5A51D305C6}.Debug|Any CPU.ActiveCfg = Debug|Any CPU
		{E37D7EE6-FE3B-6404-B840-2B5A51D305C6}.Debug|Any CPU.Build.0 = Debug|Any CPU
		{E37D7EE6-FE3B-6404-B840-2B5A51D305C6}.Release|Any CPU.ActiveCfg = Release|Any CPU
		{E37D7EE6-FE3B-6404-B840-2B5A51D305C6}.Release|Any CPU.Build.0 = Release|Any CPU
		{7FFE6B30-FB89-4E31-16F2-F7965E87D984}.Debug|Any CPU.ActiveCfg = Debug|Any CPU
		{7FFE6B30-FB89-4E31-16F2-F7965E87D984}.Debug|Any CPU.Build.0 = Debug|Any CPU
		{7FFE6B30-FB89-4E31-16F2-F7965E87D984}.Release|Any CPU.ActiveCfg = Release|Any CPU
		{7FFE6B30-FB89-4E31-16F2-F7965E87D984}.Release|Any CPU.Build.0 = Release|Any CPU
		{0F2C72F0-9DEF-4AD3-B785-7FEFE2BE1F38}.Debug|Any CPU.ActiveCfg = Debug|Any CPU
		{0F2C72F0-9DEF-4AD3-B785-7FEFE2BE1F38}.Debug|Any CPU.Build.0 = Debug|Any CPU
		{0F2C72F0-9DEF-4AD3-B785-7FEFE2BE1F38}.Release|Any CPU.ActiveCfg = Release|Any CPU
		{0F2C72F0-9DEF-4AD3-B785-7FEFE2BE1F38}.Release|Any CPU.Build.0 = Release|Any CPU
	EndGlobalSection
	GlobalSection(SolutionProperties) = preSolution
		HideSolutionNode = FALSE
	EndGlobalSection
EndGlobal
